{
  "version": "1.0.0",
  "lockfileVersion": 1,
  "requires": true,
  "dependencies": {
    "@tbminiapp/pixi-miniprogram-engine": {
      "version": "1.0.16",
      "resolved": "https://registry.npm.taobao.org/@tbminiapp/pixi-miniprogram-engine/download/@tbminiapp/pixi-miniprogram-engine-1.0.16.tgz",
      "integrity": "sha1-53IsjUkMCPJ+XY6CxZkrLfGfsTE=",
      "requires": {
        "@types/pixi.js": "^4.7.5"
      }
    },
    "@tbmp/mp-cloud-sdk": {
      "version": "1.4.2",
      "resolved": "https://registry.npm.taobao.org/@tbmp/mp-cloud-sdk/download/@tbmp/mp-cloud-sdk-1.4.2.tgz",
      "integrity": "sha1-/49BtdDaNJ6H9+f9DDBMPgt/BbQ="
    },
    "@types/pixi.js": {
      "version": "4.7.5",
      "resolved": "https://registry.npm.taobao.org/@types/pixi.js/download/@types/pixi.js-4.7.5.tgz",
      "integrity": "sha1-CYoGP2vUMK9Yp6nttFsz0L8UCQk="
    }
  }
}
