{
  "version": "1.0.0",
  "lockfileVersion": 1,
  "requires": true,
  "dependencies": {
    "@tbminiapp/pixi-miniprogram-engine": {
      "version": "1.0.16",
      "resolved": "https://registry.npm.taobao.org/@tbminiapp/pixi-miniprogram-engine/download/@tbminiapp/pixi-miniprogram-engine-1.0.16.tgz",
      "integrity": "sha1-53IsjUkMCPJ+XY6CxZkrLfGfsTE=",
      "requires": {
        "@types/pixi.js": "^4.7.5"
      }
    },
    "@types/pixi.js": {
      "version": "4.7.5",
      "resolved": "https://registry.npm.taobao.org/@types/pixi.js/download/@types/pixi.js-4.7.5.tgz",
      "integrity": "sha1-CYoGP2vUMK9Yp6nttFsz0L8UCQk="
    },
    "pixi-projection": {
      "version": "0.2.1",
      "resolved": "https://registry.npm.taobao.org/pixi-projection/download/pixi-projection-0.2.1.tgz",
      "integrity": "sha1-lV638inNJhKzyms9f0Q/FtxqKTw=",
      "requires": {
        "@types/pixi.js": "^4.7.1"
      }
    },
    "pixi-tweener": {
      "version": "0.10.2",
      "resolved": "https://registry.npm.taobao.org/pixi-tweener/download/pixi-tweener-0.10.2.tgz",
      "integrity": "sha1-K5JaoTqzlc3IHMgToUDCsVtxgAA="
    }
  }
}
