{
  "requires": true,
  "lockfileVersion": 1,
  "dependencies": {
    "abab": {
      "version": "2.0.4",
      "resolved": "https://registry.npm.taobao.org/abab/download/abab-2.0.4.tgz?cache=0&sync_timestamp=1596258006101&other_urls=https%3A%2F%2Fregistry.npm.taobao.org%2Fabab%2Fdownload%2Fabab-2.0.4.tgz",
      "integrity": "sha1-bfpXtBfKBtIbJHjw5jgwL5nCQFw="
    },
    "threejs-miniprogram": {
      "version": "0.0.5",
      "resolved": "https://registry.npm.taobao.org/threejs-miniprogram/download/threejs-miniprogram-0.0.5.tgz",
      "integrity": "sha1-1+ooIL9aYL6KpnyDmpX88xaE3Us=",
      "requires": {
        "abab": "^2.0.3"
      }
    }
  }
}
